
Microsoft Visual Studio Solution File, Format Version 12.00
# Visual Studio Version 16
VisualStudioVersion = 16.0.31025.194
MinimumVisualStudioVersion = 10.0.40219.1
Project("{9A19103F-16F7-4668-BE54-9A1E7A4F7556}") = "UnitTest_Mock", "UnitTest_Mock\UnitTest_Mock.csproj", "{0B60299E-EE2F-4D83-91A0-3E67996047A1}"
EndProject
Project("{FAE04EC0-301F-11D3-BF4B-00C04F79EFBC}") = "TestProject1", "TestProject1\TestProject1.csproj", "{AA1151CD-C034-41BB-8F56-D4A59CC95CAE}"
EndProject
Global
	GlobalSection(SolutionConfigurationPlatforms) = preSolution
		Debug|Any CPU = Debug|Any CPU
		Release|Any CPU = Release|Any CPU
	EndGlobalSection
	GlobalSection(ProjectConfigurationPlatforms) = postSolution
		{0B60299E-EE2F-4D83-91A0-3E67996047A1}.Debug|Any CPU.ActiveCfg = Debug|Any CPU
		{0B60299E-EE2F-4D83-91A0-3E67996047A1}.Debug|Any CPU.Build.0 = Debug|Any CPU
		{0B60299E-EE2F-4D83-91A0-3E67996047A1}.Release|Any CPU.ActiveCfg = Release|Any CPU
		{0B60299E-EE2F-4D83-91A0-3E67996047A1}.Release|Any CPU.Build.0 = Release|Any CPU
		{AA1151CD-C034-41BB-8F56-D4A59CC95CAE}.Debug|Any CPU.ActiveCfg = Debug|Any CPU
		{AA1151CD-C034-41BB-8F56-D4A59CC95CAE}.Debug|Any CPU.Build.0 = Debug|Any CPU
		{AA1151CD-C034-41BB-8F56-D4A59CC95CAE}.Release|Any CPU.ActiveCfg = Release|Any CPU
		{AA1151CD-C034-41BB-8F56-D4A59CC95CAE}.Release|Any CPU.Build.0 = Release|Any CPU
	EndGlobalSection
	GlobalSection(SolutionProperties) = preSolution
		HideSolutionNode = FALSE
	EndGlobalSection
	GlobalSection(ExtensibilityGlobals) = postSolution
		SolutionGuid = {0231D945-F01B-4AC5-ABE5-BD88D0240A2F}
	EndGlobalSection
EndGlobal
